
Microsoft Visual Studio Solution File, Format Version 12.00
# Visual Studio Version 17
VisualStudioVersion = 17.6.33723.286
MinimumVisualStudioVersion = 10.0.40219.1
Project("{9A19103F-16F7-4668-BE54-9A1E7A4F7556}") = "Block-Beasts", "Block-Beasts\Block-Beasts.csproj", "{4DD17DE2-2AFA-4C55-B23F-07473F713931}"
EndProject
Project("{9A19103F-16F7-4668-BE54-9A1E7A4F7556}") = "Block-Beasts-Library", "Block-Beasts-Library\Block-Beasts-Library.csproj", "{A4302E13-11AC-4EB6-A351-D8A02B3AB9D3}"
EndProject
Project("{FAE04EC0-301F-11D3-BF4B-00C04F79EFBC}") = "BeastTests", "BeastTests\BeastTests.csproj", "{B54B5EFF-B37C-4FBE-80AB-13E60C6EE053}"
EndProject
Global
	GlobalSection(SolutionConfigurationPlatforms) = preSolution
		Debug|Any CPU = Debug|Any CPU
		Release|Any CPU = Release|Any CPU
	EndGlobalSection
	GlobalSection(ProjectConfigurationPlatforms) = postSolution
		{4DD17DE2-2AFA-4C55-B23F-07473F713931}.Debug|Any CPU.ActiveCfg = Debug|Any CPU
		{4DD17DE2-2AFA-4C55-B23F-07473F713931}.Debug|Any CPU.Build.0 = Debug|Any CPU
		{4DD17DE2-2AFA-4C55-B23F-07473F713931}.Release|Any CPU.ActiveCfg = Release|Any CPU
		{4DD17DE2-2AFA-4C55-B23F-07473F713931}.Release|Any CPU.Build.0 = Release|Any CPU
		{A4302E13-11AC-4EB6-A351-D8A02B3AB9D3}.Debug|Any CPU.ActiveCfg = Debug|Any CPU
		{A4302E13-11AC-4EB6-A351-D8A02B3AB9D3}.Debug|Any CPU.Build.0 = Debug|Any CPU
		{A4302E13-11AC-4EB6-A351-D8A02B3AB9D3}.Release|Any CPU.ActiveCfg = Release|Any CPU
		{A4302E13-11AC-4EB6-A351-D8A02B3AB9D3}.Release|Any CPU.Build.0 = Release|Any CPU
		{B54B5EFF-B37C-4FBE-80AB-13E60C6EE053}.Debug|Any CPU.ActiveCfg = Debug|Any CPU
		{B54B5EFF-B37C-4FBE-80AB-13E60C6EE053}.Debug|Any CPU.Build.0 = Debug|Any CPU
		{B54B5EFF-B37C-4FBE-80AB-13E60C6EE053}.Release|Any CPU.ActiveCfg = Release|Any CPU
		{B54B5EFF-B37C-4FBE-80AB-13E60C6EE053}.Release|Any CPU.Build.0 = Release|Any CPU
	EndGlobalSection
	GlobalSection(SolutionProperties) = preSolution
		HideSolutionNode = FALSE
	EndGlobalSection
	GlobalSection(ExtensibilityGlobals) = postSolution
		SolutionGuid = {F1961985-7DB7-425C-A582-20F1C91859D7}
	EndGlobalSection
EndGlobal
